<Solution>
  <Folder Name="/Task0/">
    <Project Path="Tyuiu.MedvedevaPI.Sprint1.Task0.V26.Lib/Tyuiu.MedvedevaPI.Sprint1.Task0.V26.Lib.csproj" Id="53d77b5a-e859-48be-8b0c-a8cd08c96d29" />
    <Project Path="Tyuiu.MedvedevaPI.Sprint1.Task0.V26.Test/Tyuiu.MedvedevaPI.Sprint1.Task0.V26.Test.csproj" Id="1444d4a2-ddc6-442a-b388-5e0ef4449a9a" />
    <Project Path="Tyuiu.MedvedevaPI.Sprint1.Task0.V26/Tyuiu.MedvedevaPI.Sprint1.Task0.V26.csproj" Id="1c1968f9-0a82-4d0e-bf75-e53d0914bae6" />
  </Folder>
  <Folder Name="/Task1/">
    <Project Path="Tyuiu.MedvedevaPI.Sprint1.Task1.V25.Lib/Tyuiu.MedvedevaPI.Sprint1.Task1.V25.Lib.csproj" Id="ef17d1d2-135b-4389-b6b9-98c8f151662b" />
    <Project Path="Tyuiu.MedvedevaPI.Sprint1.Task1.V25.Test/Tyuiu.MedvedevaPI.Sprint1.Task1.V25.Test.csproj" Id="db3fd333-11cc-433c-a192-bc1bbb811243" />
    <Project Path="Tyuiu.MedvedevaPI.Sprint1.Task1.V25/Tyuiu.MedvedevaPI.Sprint1.Task1.V25.csproj" Id="65c16c45-6664-4d18-a920-f416a010acad" />
  </Folder>
  <Folder Name="/Task2/">
    <Project Path="Tyuiu.MedvedevaPI.Sprint1.Task2.V19.Lib/Tyuiu.MedvedevaPI.Sprint1.Task2.V19.Lib.csproj" Id="e8ae6457-a7b1-446b-afb9-7a2583389ff7" />
    <Project Path="Tyuiu.MedvedevaPI.Sprint1.Task2.V19.Test;/Tyuiu.MedvedevaPI.Sprint1.Task2.V19.Test;.csproj" Id="afc91050-09ab-4a62-a2eb-301751020c6a" />
    <Project Path="Tyuiu.MedvedevaPI.Sprint1.Task2.V19/Tyuiu.MedvedevaPI.Sprint1.Task2.V19.csproj" Id="db9981a5-d39d-4dea-8cd2-aca7fc02cddc" />
  </Folder>
  <Folder Name="/Task3/">
    <Project Path="Tyuiu.MedvedevaPI.Sprint1.Task3.V3.Lib/Tyuiu.MedvedevaPI.Sprint1.Task3.V3.Lib.csproj" Id="2e08dd8d-743b-402c-a960-889a00ad0baf" />
    <Project Path="Tyuiu.MedvedevaPI.Sprint1.Task3.V3.Test/Tyuiu.MedvedevaPI.Sprint1.Task3.V3.Test.csproj" Id="743c0a0c-6152-4f08-abce-30ce0e70f9b1" />
    <Project Path="Tyuiu.MedvedevaPI.Sprint1.Task3.V3/Tyuiu.MedvedevaPI.Sprint1.Task3.V3.csproj" Id="5605efc0-0e2b-48ef-b0e1-304dd2b62025" />
  </Folder>
  <Folder Name="/Task4/">
    <Project Path="Tyuiu.MedvedevaPI.Sprint1.Task4.V4.Lib/Tyuiu.MedvedevaPI.Sprint1.Task4.V4.Lib.csproj" Id="360040f5-3af4-4926-ae37-f6dcb658dc1a" />
    <Project Path="Tyuiu.MedvedevaPI.Sprint1.Task4.V4.Test/Tyuiu.MedvedevaPI.Sprint1.Task4.V4.Test.csproj" Id="b9701da5-24ca-49b7-9dc7-ef85f3922b94" />
    <Project Path="Tyuiu.MedvedevaPI.Sprint1.Task4.V4/Tyuiu.MedvedevaPI.Sprint1.Task4.V4.csproj" Id="098d210b-ed85-4d5a-a1ec-f6d17ea4715c" />
  </Folder>
  <Folder Name="/Task5/">
    <Project Path="Tyuiu.MedvedevaPI.Sprint1.Task5.V1.Lib/Tyuiu.MedvedevaPI.Sprint1.Task5.V1.Lib.csproj" Id="468c49da-d2b5-48e7-88b0-c2d24dfb602b" />
    <Project Path="Tyuiu.MedvedevaPI.Sprint1.Task5.V1.Test/Tyuiu.MedvedevaPI.Sprint1.Task5.V1.Test.csproj" Id="7afa9f51-61a3-461b-aaea-167c7fc4fa66" />
    <Project Path="Tyuiu.MedvedevaPI.Sprint1.Task5.V1/Tyuiu.MedvedevaPI.Sprint1.Task5.V1.csproj" Id="f70dc669-796d-414e-b109-5c0288e3ca35" />
  </Folder>
  <Folder Name="/Task6/">
    <Project Path="Tyuiu.MedvedevaPI.Sprint1.Task6.V8.Lib/Tyuiu.MedvedevaPI.Sprint1.Task6.V8.Lib.csproj" Id="58f58e46-9b2f-4a69-a9a1-5f9337653820" />
    <Project Path="Tyuiu.MedvedevaPI.Sprint1.Task6.V8.Test/Tyuiu.MedvedevaPI.Sprint1.Task6.V8.Test.csproj" Id="d01091ea-ba84-4b81-9d9c-3002a6488e6f" />
    <Project Path="Tyuiu.MedvedevaPI.Sprint1.Task6.V8/Tyuiu.MedvedevaPI.Sprint1.Task6.V8.csproj" Id="f4a8b442-9566-4695-ac76-2c9c5b222711" />
  </Folder>
  <Folder Name="/Task7/">
    <Project Path="Tyuiu.MedvedevaPI.Sprint1.Task7.V2.Lib/Tyuiu.MedvedevaPI.Sprint1.Task7.V2.Lib.csproj" Id="987610e4-18f1-46c2-aad3-f2dd6953146b" />
    <Project Path="Tyuiu.MedvedevaPI.Sprint1.Task7.V2.Test/Tyuiu.MedvedevaPI.Sprint1.Task7.V2.Test.csproj" Id="3c25b338-4a5e-44a3-85e5-08c4a9ba7350" />
    <Project Path="Tyuiu.MedvedevaPI.Sprint1.Task7.V2/Tyuiu.MedvedevaPI.Sprint1.Task7.V2.csproj" Id="f21a7004-f68b-467d-993e-184bc1e6a738" />
  </Folder>
</Solution>
